// !$*UTF8*$!
{
	archiveVersion = 1;
	classes = {
	};
	objectVersion = 46;
	objects = {

/* Begin PBXBuildFile section */
		AF598CF91E9612970091C0C3 /* AppDelegate.swift in Sources */ = {isa = PBXBuildFile; fileRef = AF598CF81E9612970091C0C3 /* AppDelegate.swift */; };
		AF598CFB1E9612970091C0C3 /* ViewController.swift in Sources */ = {isa = PBXBuildFile; fileRef = AF598CFA1E9612970091C0C3 /* ViewController.swift */; };
		AF598CFE1E9612970091C0C3 /* Main.storyboard in Resources */ = {isa = PBXBuildFile; fileRef = AF598CFC1E9612970091C0C3 /* Main.storyboard */; };
		AF598D001E9612970091C0C3 /* Assets.xcassets in Resources */ = {isa = PBXBuildFile; fileRef = AF598CFF1E9612970091C0C3 /* Assets.xcassets */; };
		AF598D031E9612970091C0C3 /* LaunchScreen.storyboard in Resources */ = {isa = PBXBuildFile; fileRef = AF598D011E9612970091C0C3 /* LaunchScreen.storyboard */; };
/* End PBXBuildFile section */

/* Begin PBXFileReference section */
		AF598CF51E9612970091C0C3 /* scrollView_0406_1407.app */ = {isa = PBXFileReference; explicitFileType = wrapper.application; includeInIndex = 0; path = scrollView_0406_1407.app; sourceTree = BUILT_PRODUCTS_DIR; };
		AF598CF81E9612970091C0C3 /* AppDelegate.swift */ = {isa = PBXFileReference; lastKnownFileType = sourcecode.swift; path = AppDelegate.swift; sourceTree = "<group>"; };
		AF598CFA1E9612970091C0C3 /* ViewController.swift */ = {isa = PBXFileReference; lastKnownFileType = sourcecode.swift; path = ViewController.swift; sourceTree = "<group>"; };
		AF598CFD1E9612970091C0C3 /* Base */ = {isa = PBXFileReference; lastKnownFileType = file.storyboard; name = Base; path = Base.lproj/Main.storyboard; sourceTree = "<group>"; };
		AF598CFF1E9612970091C0C3 /* Assets.xcassets */ = {isa = PBXFileReference; lastKnownFileType = folder.assetcatalog; path = Assets.xcassets; sourceTree = "<group>"; };
		AF598D021E9612970091C0C3 /* Base */ = {isa = PBXFileReference; lastKnownFileType = file.storyboard; name = Base; path = Base.lproj/LaunchScreen.storyboard; sourceTree = "<group>"; };
		AF598D041E9612970091C0C3 /* Info.plist */ = {isa = PBXFileReference; lastKnownFileType = text.plist.xml; path = Info.plist; sourceTree = "<group>"; };
/* End PBXFileReference section */

/* Begin PBXFrameworksBuildPhase section */
		AF598CF21E9612970091C0C3 /* Frameworks */ = {
			isa = PBXFrameworksBuildPhase;
			buildActionMask = 2147483647;
			files = (
			);
			runOnlyForDeploymentPostprocessing = 0;
		};
/* End PBXFrameworksBuildPhase section */

/* Begin PBXGroup section */
		AF598CEC1E9612970091C0C3 = {
			isa = PBXGroup;
			children = (
				AF598CF71E9612970091C0C3 /* scrollView_0406_1407 */,
				AF598CF61E9612970091C0C3 /* Products */,
			);
			sourceTree = "<group>";
		};
		AF598CF61E9612970091C0C3 /* Products */ = {
			isa = PBXGroup;
			children = (
				AF598CF51E9612970091C0C3 /* scrollView_0406_1407.app */,
			);
			name = Products;
			sourceTree = "<group>";
		};
		AF598CF71E9612970091C0C3 /* scrollView_0406_1407 */ = {
			isa = PBXGroup;
			children = (
				AF598CF81E9612970091C0C3 /* AppDelegate.swift */,
				AF598CFA1E9612970091C0C3 /* ViewController.swift */,
				AF598CFC1E9612970091C0C3 /* Main.storyboard */,
				AF598CFF1E9612970091C0C3 /* Assets.xcassets */,
				AF598D011E9612970091C0C3 /* LaunchScreen.storyboard */,
				AF598D041E9612970091C0C3 /* Info.plist */,
			);
			path = scrollView_0406_1407;
			sourceTree = "<group>";
		};
/* End PBXGroup section */

/* Begin PBXNativeTarget section */
		AF598CF41E9612970091C0C3 /* scrollView_0406_1407 */ = {
			isa = PBXNativeTarget;
			buildConfigurationList = AF598D071E9612970091C0C3 /* Build configuration list for PBXNativeTarget "scrollView_0406_1407" */;
			buildPhases = (
				AF598CF11E9612970091C0C3 /* Sources */,
				AF598CF21E9612970091C0C3 /* Frameworks */,
				AF598CF31E9612970091C0C3 /* Resources */,
			);
			buildRules = (
			);
			dependencies = (
			);
			name = scrollView_0406_1407;
			productName = scrollView_0406_1407;
			productReference = AF598CF51E9612970091C0C3 /* scrollView_0406_1407.app */;
			productType = "com.apple.product-type.application";
		};
/* End PBXNativeTarget section */

/* Begin PBXProject section */
		AF598CED1E9612970091C0C3 /* Project object */ = {
			isa = PBXProject;
			attributes = {
				LastSwiftUpdateCheck = 0810;
				LastUpgradeCheck = 0810;
				ORGANIZATIONNAME = "ice elson";
				TargetAttributes = {
					AF598CF41E9612970091C0C3 = {
						CreatedOnToolsVersion = 8.1;
						DevelopmentTeam = U55RL8468U;
						ProvisioningStyle = Automatic;
					};
				};
			};
			buildConfigurationList = AF598CF01E9612970091C0C3 /* Build configuration list for PBXProject "scrollView_0406_1407" */;
			compatibilityVersion = "Xcode 3.2";
			developmentRegion = English;
			hasScannedForEncodings = 0;
			knownRegions = (
				en,
				Base,
			);
			mainGroup = AF598CEC1E9612970091C0C3;
			productRefGroup = AF598CF61E9612970091C0C3 /* Products */;
			projectDirPath = "";
			projectRoot = "";
			targets = (
				AF598CF41E9612970091C0C3 /* scrollView_0406_1407 */,
			);
		};
/* End PBXProject section */

/* Begin PBXResourcesBuildPhase section */
		AF598CF31E9612970091C0C3 /* Resources */ = {
			isa = PBXResourcesBuildPhase;
			buildActionMask = 2147483647;
			files = (
				AF598D031E9612970091C0C3 /* LaunchScreen.storyboard in Resources */,
				AF598D001E9612970091C0C3 /* Assets.xcassets in Resources */,
				AF598CFE1E9612970091C0C3 /* Main.storyboard in Resources */,
			);
			runOnlyForDeploymentPostprocessing = 0;
		};
/* End PBXResourcesBuildPhase section */

/* Begin PBXSourcesBuildPhase section */
		AF598CF11E9612970091C0C3 /* Sources */ = {
			isa = PBXSourcesBuildPhase;
			buildActionMask = 2147483647;
			files = (
				AF598CFB1E9612970091C0C3 /* ViewController.swift in Sources */,
				AF598CF91E9612970091C0C3 /* AppDelegate.swift in Sources */,
			);
			runOnlyForDeploymentPostprocessing = 0;
		};
/* End PBXSourcesBuildPhase section */

/* Begin PBXVariantGroup section */
		AF598CFC1E9612970091C0C3 /* Main.storyboard */ = {
			isa = PBXVariantGroup;
			children = (
				AF598CFD1E9612970091C0C3 /* Base */,
			);
			name = Main.storyboard;
			sourceTree = "<group>";
		};
		AF598D011E9612970091C0C3 /* LaunchScreen.storyboard */ = {
			isa = PBXVariantGroup;
			children = (
				AF598D021E9612970091C0C3 /* Base */,
			);
			name = LaunchScreen.storyboard;
			sourceTree = "<group>";
		};
/* End PBXVariantGroup section */

/* Begin XCBuildConfiguration section */
		AF598D051E9612970091C0C3 /* Debug */ = {
			isa = XCBuildConfiguration;
			buildSettings = {
				ALWAYS_SEARCH_USER_PATHS = NO;
				CLANG_ANALYZER_NONNULL = YES;
				CLANG_CXX_LANGUAGE_STANDARD = "gnu++0x";
				CLANG_CXX_LIBRARY = "libc++";
				CLANG_ENABLE_MODULES = YES;
				CLANG_ENABLE_OBJC_ARC = YES;
				CLANG_WARN_BOOL_CONVERSION = YES;
				CLANG_WARN_CONSTANT_CONVERSION = YES;
				CLANG_WARN_DIRECT_OBJC_ISA_USAGE = YES_ERROR;
				CLANG_WARN_DOCUMENTATION_COMMENTS = YES;
				CLANG_WARN_EMPTY_BODY = YES;
				CLANG_WARN_ENUM_CONVERSION = YES;
				CLANG_WARN_INFINITE_RECURSION = YES;
				CLANG_WARN_INT_CONVERSION = YES;
				CLANG_WARN_OBJC_ROOT_CLASS = YES_ERROR;
				CLANG_WARN_SUSPICIOUS_MOVES = YES;
				CLANG_WARN_UNREACHABLE_CODE = YES;
				CLANG_WARN__DUPLICATE_METHOD_MATCH = YES;
				"CODE_SIGN_IDENTITY[sdk=iphoneos*]" = "iPhone Developer";
				COPY_PHASE_STRIP = NO;
				DEBUG_INFORMATION_FORMAT = dwarf;
				ENABLE_STRICT_OBJC_MSGSEND = YES;
				ENABLE_TESTABILITY = YES;
				GCC_C_LANGUAGE_STANDARD = gnu99;
				GCC_DYNAMIC_NO_PIC = NO;
				GCC_NO_COMMON_BLOCKS = YES;
				GCC_OPTIMIZATION_LEVEL = 0;
				GCC_PREPROCESSOR_DEFINITIONS = (
					"DEBUG=1",
					"$(inherited)",
				);
				GCC_WARN_64_TO_32_BIT_CONVERSION = YES;
				GCC_WARN_ABOUT_RETURN_TYPE = YES_ERROR;
				GCC_WARN_UNDECLARED_SELECTOR = YES;
				GCC_WARN_UNINITIALIZED_AUTOS = YES_AGGRESSIVE;
				GCC_WARN_UNUSED_FUNCTION = YES;
				GCC_WARN_UNUSED_VARIABLE = YES;
				IPHONEOS_DEPLOYMENT_TARGET = 10.1;
				MTL_ENABLE_DEBUG_INFO = YES;
				ONLY_ACTIVE_ARCH = YES;
				SDKROOT = iphoneos;
				SWIFT_ACTIVE_COMPILATION_CONDITIONS = DEBUG;
				SWIFT_OPTIMIZATION_LEVEL = "-Onone";
			};
			name = Debug;
		};
		AF598D061E9612970091C0C3 /* Release */ = {
			isa = XCBuildConfiguration;
			buildSettings = {
				ALWAYS_SEARCH_USER_PATHS = NO;
				CLANG_ANALYZER_NONNULL = YES;
				CLANG_CXX_LANGUAGE_STANDARD = "gnu++0x";
				CLANG_CXX_LIBRARY = "libc++";
				CLANG_ENABLE_MODULES = YES;
				CLANG_ENABLE_OBJC_ARC = YES;
				CLANG_WARN_BOOL_CONVERSION = YES;
				CLANG_WARN_CONSTANT_CONVERSION = YES;
				CLANG_WARN_DIRECT_OBJC_ISA_USAGE = YES_ERROR;
				CLANG_WARN_DOCUMENTATION_COMMENTS = YES;
				CLANG_WARN_EMPTY_BODY = YES;
				CLANG_WARN_ENUM_CONVERSION = YES;
				CLANG_WARN_INFINITE_RECURSION = YES;
				CLANG_WARN_INT_CONVERSION = YES;
				CLANG_WARN_OBJC_ROOT_CLASS = YES_ERROR;
				CLANG_WARN_SUSPICIOUS_MOVES = YES;
				CLANG_WARN_UNREACHABLE_CODE = YES;
				CLANG_WARN__DUPLICATE_METHOD_MATCH = YES;
				"CODE_SIGN_IDENTITY[sdk=iphoneos*]" = "iPhone Developer";
				COPY_PHASE_STRIP = NO;
				DEBUG_INFORMATION_FORMAT = "dwarf-with-dsym";
				ENABLE_NS_ASSERTIONS = NO;
				ENABLE_STRICT_OBJC_MSGSEND = YES;
				GCC_C_LANGUAGE_STANDARD = gnu99;
				GCC_NO_COMMON_BLOCKS = YES;
				GCC_WARN_64_TO_32_BIT_CONVERSION = YES;
				GCC_WARN_ABOUT_RETURN_TYPE = YES_ERROR;
				GCC_WARN_UNDECLARED_SELECTOR = YES;
				GCC_WARN_UNINITIALIZED_AUTOS = YES_AGGRESSIVE;
				GCC_WARN_UNUSED_FUNCTION = YES;
				GCC_WARN_UNUSED_VARIABLE = YES;
				IPHONEOS_DEPLOYMENT_TARGET = 10.1;
				MTL_ENABLE_DEBUG_INFO = NO;
				SDKROOT = iphoneos;
				SWIFT_OPTIMIZATION_LEVEL = "-Owholemodule";
				VALIDATE_PRODUCT = YES;
			};
			name = Release;
		};
		AF598D081E9612970091C0C3 /* Debug */ = {
			isa = XCBuildConfiguration;
			buildSettings = {
				ASSETCATALOG_COMPILER_APPICON_NAME = AppIcon;
				DEVELOPMENT_TEAM = U55RL8468U;
				INFOPLIST_FILE = scrollView_0406_1407/Info.plist;
				LD_RUNPATH_SEARCH_PATHS = "$(inherited) @executable_path/Frameworks";
				PRODUCT_BUNDLE_IDENTIFIER = "com.elson.scrollView-0406-1407";
				PRODUCT_NAME = "$(TARGET_NAME)";
				SWIFT_VERSION = 3.0;
			};
			name = Debug;
		};
		AF598D091E9612970091C0C3 /* Release */ = {
			isa = XCBuildConfiguration;
			buildSettings = {
				ASSETCATALOG_COMPILER_APPICON_NAME = AppIcon;
				DEVELOPMENT_TEAM = U55RL8468U;
				INFOPLIST_FILE = scrollView_0406_1407/Info.plist;
				LD_RUNPATH_SEARCH_PATHS = "$(inherited) @executable_path/Frameworks";
				PRODUCT_BUNDLE_IDENTIFIER = "com.elson.scrollView-0406-1407";
				PRODUCT_NAME = "$(TARGET_NAME)";
				SWIFT_VERSION = 3.0;
			};
			name = Release;
		};
/* End XCBuildConfiguration section */

/* Begin XCConfigurationList section */
		AF598CF01E9612970091C0C3 /* Build configuration list for PBXProject "scrollView_0406_1407" */ = {
			isa = XCConfigurationList;
			buildConfigurations = (
				AF598D051E9612970091C0C3 /* Debug */,
				AF598D061E9612970091C0C3 /* Release */,
			);
			defaultConfigurationIsVisible = 0;
			defaultConfigurationName = Release;
		};
		AF598D071E9612970091C0C3 /* Build configuration list for PBXNativeTarget "scrollView_0406_1407" */ = {
			isa = XCConfigurationList;
			buildConfigurations = (
				AF598D081E9612970091C0C3 /* Debug */,
				AF598D091E9612970091C0C3 /* Release */,
			);
			defaultConfigurationIsVisible = 0;
		};
/* End XCConfigurationList section */
	};
	rootObject = AF598CED1E9612970091C0C3 /* Project object */;
}
